
Microsoft Visual Studio Solution File, Format Version 12.00
# Visual Studio Version 16
VisualStudioVersion = 16.0.30523.141
MinimumVisualStudioVersion = 10.0.40219.1
Project("{FAE04EC0-301F-11D3-BF4B-00C04F79EFBC}") = "Savu_Antonia_Lab5", "Savu_Antonia_Lab5.csproj", "{93A06563-7C75-44EE-AAE5-62C9C637536B}"
EndProject
Global
	GlobalSection(SolutionConfigurationPlatforms) = preSolution
		Debug|Any CPU = Debug|Any CPU
		Release|Any CPU = Release|Any CPU
	EndGlobalSection
	GlobalSection(ProjectConfigurationPlatforms) = postSolution
		{93A06563-7C75-44EE-AAE5-62C9C637536B}.Debug|Any CPU.ActiveCfg = Debug|Any CPU
		{93A06563-7C75-44EE-AAE5-62C9C637536B}.Debug|Any CPU.Build.0 = Debug|Any CPU
		{93A06563-7C75-44EE-AAE5-62C9C637536B}.Release|Any CPU.ActiveCfg = Release|Any CPU
		{93A06563-7C75-44EE-AAE5-62C9C637536B}.Release|Any CPU.Build.0 = Release|Any CPU
	EndGlobalSection
	GlobalSection(SolutionProperties) = preSolution
		HideSolutionNode = FALSE
	EndGlobalSection
	GlobalSection(ExtensibilityGlobals) = postSolution
		SolutionGuid = {3AB11F34-56BE-402F-B11F-637756204C93}
	EndGlobalSection
EndGlobal
